
Microsoft Visual Studio Solution File, Format Version 12.00
# Visual Studio Version 17
VisualStudioVersion = 17.9.34321.82
MinimumVisualStudioVersion = 10.0.40219.1
Project("{9A19103F-16F7-4668-BE54-9A1E7A4F7556}") = "BlazorOficinar", "BlazorOficinar\BlazorOficinar.csproj", "{581EBF01-C7A3-45E1-8F7D-9F1CE6FC8D30}"
EndProject
Project("{9A19103F-16F7-4668-BE54-9A1E7A4F7556}") = "BlazorOficinar.AppHost", "BlazorOficinar.AppHost\BlazorOficinar.AppHost.csproj", "{1D9D18A0-21CC-4F02-A730-10659EB91E26}"
EndProject
Project("{9A19103F-16F7-4668-BE54-9A1E7A4F7556}") = "BlazorOficinar.ServiceDefaults", "BlazorOficinar.ServiceDefaults\BlazorOficinar.ServiceDefaults.csproj", "{D4105E10-B48E-47CF-9C2D-E406122B8C64}"
EndProject
Project("{9A19103F-16F7-4668-BE54-9A1E7A4F7556}") = "OficinarBackEnd", "OficinarBackEnd\OficinarBackEnd.csproj", "{6ED83564-A1B6-4B4C-B104-875C2E5CE75C}"
EndProject
Project("{FAE04EC0-301F-11D3-BF4B-00C04F79EFBC}") = "OficinarCommon", "OficinarCommon\OficinarCommon.csproj", "{6C2BDE42-CFE6-4AF2-8904-8C05607A344A}"
EndProject
Global
	GlobalSection(SolutionConfigurationPlatforms) = preSolution
		Debug|Any CPU = Debug|Any CPU
		Release|Any CPU = Release|Any CPU
	EndGlobalSection
	GlobalSection(ProjectConfigurationPlatforms) = postSolution
		{581EBF01-C7A3-45E1-8F7D-9F1CE6FC8D30}.Debug|Any CPU.ActiveCfg = Debug|Any CPU
		{581EBF01-C7A3-45E1-8F7D-9F1CE6FC8D30}.Debug|Any CPU.Build.0 = Debug|Any CPU
		{581EBF01-C7A3-45E1-8F7D-9F1CE6FC8D30}.Release|Any CPU.ActiveCfg = Release|Any CPU
		{581EBF01-C7A3-45E1-8F7D-9F1CE6FC8D30}.Release|Any CPU.Build.0 = Release|Any CPU
		{1D9D18A0-21CC-4F02-A730-10659EB91E26}.Debug|Any CPU.ActiveCfg = Debug|Any CPU
		{1D9D18A0-21CC-4F02-A730-10659EB91E26}.Debug|Any CPU.Build.0 = Debug|Any CPU
		{1D9D18A0-21CC-4F02-A730-10659EB91E26}.Release|Any CPU.ActiveCfg = Release|Any CPU
		{1D9D18A0-21CC-4F02-A730-10659EB91E26}.Release|Any CPU.Build.0 = Release|Any CPU
		{D4105E10-B48E-47CF-9C2D-E406122B8C64}.Debug|Any CPU.ActiveCfg = Debug|Any CPU
		{D4105E10-B48E-47CF-9C2D-E406122B8C64}.Debug|Any CPU.Build.0 = Debug|Any CPU
		{D4105E10-B48E-47CF-9C2D-E406122B8C64}.Release|Any CPU.ActiveCfg = Release|Any CPU
		{D4105E10-B48E-47CF-9C2D-E406122B8C64}.Release|Any CPU.Build.0 = Release|Any CPU
		{6ED83564-A1B6-4B4C-B104-875C2E5CE75C}.Debug|Any CPU.ActiveCfg = Debug|Any CPU
		{6ED83564-A1B6-4B4C-B104-875C2E5CE75C}.Debug|Any CPU.Build.0 = Debug|Any CPU
		{6ED83564-A1B6-4B4C-B104-875C2E5CE75C}.Release|Any CPU.ActiveCfg = Release|Any CPU
		{6ED83564-A1B6-4B4C-B104-875C2E5CE75C}.Release|Any CPU.Build.0 = Release|Any CPU
		{6C2BDE42-CFE6-4AF2-8904-8C05607A344A}.Debug|Any CPU.ActiveCfg = Debug|Any CPU
		{6C2BDE42-CFE6-4AF2-8904-8C05607A344A}.Debug|Any CPU.Build.0 = Debug|Any CPU
		{6C2BDE42-CFE6-4AF2-8904-8C05607A344A}.Release|Any CPU.ActiveCfg = Release|Any CPU
		{6C2BDE42-CFE6-4AF2-8904-8C05607A344A}.Release|Any CPU.Build.0 = Release|Any CPU
	EndGlobalSection
	GlobalSection(SolutionProperties) = preSolution
		HideSolutionNode = FALSE
	EndGlobalSection
	GlobalSection(ExtensibilityGlobals) = postSolution
		SolutionGuid = {DF219626-D49F-4C84-AF37-0670ACA2ED3E}
	EndGlobalSection
EndGlobal
